
Microsoft Visual Studio Solution File, Format Version 12.00
# Visual Studio Version 17
VisualStudioVersion = 17.0.32112.339
MinimumVisualStudioVersion = 10.0.40219.1
Project("{9A19103F-16F7-4668-BE54-9A1E7A4F7556}") = "TechTool", "TechTool.csproj", "{68334C03-A583-43F4-A03B-870921B741AF}"
EndProject
Global
	GlobalSection(SolutionConfigurationPlatforms) = preSolution
		Debug|Any CPU = Debug|Any CPU
		Release|Any CPU = Release|Any CPU
	EndGlobalSection
	GlobalSection(ProjectConfigurationPlatforms) = postSolution
		{68334C03-A583-43F4-A03B-870921B741AF}.Debug|Any CPU.ActiveCfg = Debug|Any CPU
		{68334C03-A583-43F4-A03B-870921B741AF}.Debug|Any CPU.Build.0 = Debug|Any CPU
		{68334C03-A583-43F4-A03B-870921B741AF}.Release|Any CPU.ActiveCfg = Release|Any CPU
		{68334C03-A583-43F4-A03B-870921B741AF}.Release|Any CPU.Build.0 = Release|Any CPU
	EndGlobalSection
	GlobalSection(SolutionProperties) = preSolution
		HideSolutionNode = FALSE
	EndGlobalSection
	GlobalSection(ExtensibilityGlobals) = postSolution
		SolutionGuid = {7401EBBA-72AA-407C-9C00-152D021F7BAF}
	EndGlobalSection
EndGlobal
